<?xml version="1.0" encoding="utf-8"?>
<Project ToolsVersion="4.0" xmlns="http://schemas.microsoft.com/developer/msbuild/2003">
  <ItemGroup>
    <Filter Include="Source Files">
      <UniqueIdentifier>{4FC737F1-C7A5-4376-A066-2A32D752A2FF}</UniqueIdentifier>
      <Extensions>cpp;c;cc;cxx;def;odl;idl;hpj;bat;asm;asmx</Extensions>
    </Filter>
    <Filter Include="Header Files">
      <UniqueIdentifier>{93995380-89BD-4b04-88EB-625FBE52EBFB}</UniqueIdentifier>
      <Extensions>h;hh;hpp;hxx;hm;inl;inc;ipp;xsd</Extensions>
    </Filter>
    <Filter Include="Resource Files">
      <UniqueIdentifier>{67DA6AB6-F800-4c08-8B7A-83BB121AAD01}</UniqueIdentifier>
      <Extensions>rc;ico;cur;bmp;dlg;rc2;rct;bin;rgs;gif;jpg;jpeg;jpe;resx;tiff;tif;png;wav;mfcribbon-ms</Extensions>
    </Filter>
  </ItemGroup>
  <ItemGroup>
    <ClCompile Include="src\Image.cpp">
      <Filter>Source Files</Filter>
    </ClCompile>
    <ClCompile Include="src\ImageBMP.cpp">
      <Filter>Source Files</Filter>
    </ClCompile>
    <ClCompile Include="src\ImageJPEG.cpp">
      <Filter>Source Files</Filter>
    </ClCompile>
    <ClCompile Include="src\ImagePNG.cpp">
      <Filter>Source Files</Filter>
    </ClCompile>
    <ClCompile Include="src\SoundEffect.cpp">
      <Filter>Source Files</Filter>
    </ClCompile>
    <ClCompile Include="src\SoundSubSystem.cpp">
      <Filter>Source Files</Filter>
    </ClCompile>
    <ClCompile Include="src\DisplayDeviceGLFW.cpp">
      <Filter>Source Files</Filter>
    </ClCompile>
    <ClCompile Include="src\DisplayDeviceQT.cpp">
      <Filter>Source Files</Filter>
    </ClCompile>
    <ClCompile Include="src\FileManagerWindows.cpp">
      <Filter>Source Files</Filter>
    </ClCompile>
    <ClCompile Include="src\FileWindows.cpp">
      <Filter>Source Files</Filter>
    </ClCompile>
    <ClCompile Include="src\KeyboardInputDeviceQT.cpp">
      <Filter>Source Files</Filter>
    </ClCompile>
    <ClCompile Include="src\PointerInputDeviceQT.cpp">
      <Filter>Source Files</Filter>
    </ClCompile>
    <ClCompile Include="src\DisplayDevice.cpp">
      <Filter>Source Files</Filter>
    </ClCompile>
    <ClCompile Include="src\RendererSize.cpp">
      <Filter>Source Files</Filter>
    </ClCompile>
    <ClCompile Include="src\PoolMemoryAllocator.cpp">
      <Filter>Source Files</Filter>
    </ClCompile>
    <ClCompile Include="src\FileLinux.cpp">
      <Filter>Source Files</Filter>
    </ClCompile>
    <ClCompile Include="src\SpString.cpp">
      <Filter>Source Files</Filter>
    </ClCompile>
    <ClCompile Include="src\SpWindowQT.cpp">
      <Filter>Source Files</Filter>
    </ClCompile>
    <ClCompile Include="src\Timer.cpp">
      <Filter>Source Files</Filter>
    </ClCompile>
    <ClCompile Include="src\SpLogger.cpp">
      <Filter>Source Files</Filter>
    </ClCompile>
    <ClCompile Include="src\SpStackMemoryAllocator.cpp">
      <Filter>Source Files</Filter>
    </ClCompile>
    <ClCompile Include="src\SpGlobalProperties.cpp">
      <Filter>Source Files</Filter>
    </ClCompile>
  </ItemGroup>
  <ItemGroup>
    <ClInclude Include="src\ColorRGB.h">
      <Filter>Header Files</Filter>
    </ClInclude>
    <ClInclude Include="src\ColorRGBA.h">
      <Filter>Header Files</Filter>
    </ClInclude>
    <ClInclude Include="src\IEquatable.h">
      <Filter>Header Files</Filter>
    </ClInclude>
    <ClInclude Include="src\IFile.h">
      <Filter>Header Files</Filter>
    </ClInclude>
    <ClInclude Include="src\IFileManager.h">
      <Filter>Header Files</Filter>
    </ClInclude>
    <ClInclude Include="src\Image.h">
      <Filter>Header Files</Filter>
    </ClInclude>
    <ClInclude Include="src\ImageBMP.h">
      <Filter>Header Files</Filter>
    </ClInclude>
    <ClInclude Include="src\ImageFactory.h">
      <Filter>Header Files</Filter>
    </ClInclude>
    <ClInclude Include="src\ImageJPEG.h">
      <Filter>Header Files</Filter>
    </ClInclude>
    <ClInclude Include="src\ImagePNG.h">
      <Filter>Header Files</Filter>
    </ClInclude>
    <ClInclude Include="src\InputDevice.h">
      <Filter>Header Files</Filter>
    </ClInclude>
    <ClInclude Include="src\ISubSystem.h">
      <Filter>Header Files</Filter>
    </ClInclude>
    <ClInclude Include="src\Object.h">
      <Filter>Header Files</Filter>
    </ClInclude>
    <ClInclude Include="src\SoundEffect.h">
      <Filter>Header Files</Filter>
    </ClInclude>
    <ClInclude Include="src\SoundSubSystem.h">
      <Filter>Header Files</Filter>
    </ClInclude>
    <ClInclude Include="src\StringHelper.h">
      <Filter>Header Files</Filter>
    </ClInclude>
    <ClInclude Include="src\Timer.h">
      <Filter>Header Files</Filter>
    </ClInclude>
    <ClInclude Include="src\TouchInputDevice.h">
      <Filter>Header Files</Filter>
    </ClInclude>
    <ClInclude Include="src\TouchInputDeviceHandler.h">
      <Filter>Header Files</Filter>
    </ClInclude>
    <ClInclude Include="src\WindowInputDevice.h">
      <Filter>Header Files</Filter>
    </ClInclude>
    <ClInclude Include="src\DisplayDeviceGLFW.h">
      <Filter>Header Files</Filter>
    </ClInclude>
    <ClInclude Include="src\FileManagerWindows.h">
      <Filter>Header Files</Filter>
    </ClInclude>
    <ClInclude Include="src\FileWindows.h">
      <Filter>Header Files</Filter>
    </ClInclude>
    <ClInclude Include="src\DisplayDevice.h">
      <Filter>Header Files</Filter>
    </ClInclude>
    <ClInclude Include="src\InputDeviceHandler.h">
      <Filter>Header Files</Filter>
    </ClInclude>
    <ClInclude Include="src\SpectrumFoundation.h">
      <Filter>Header Files</Filter>
    </ClInclude>
    <ClInclude Include="src\RendererSize.h">
      <Filter>Header Files</Filter>
    </ClInclude>
    <ClInclude Include="src\Disposable.h">
      <Filter>Header Files</Filter>
    </ClInclude>
    <ClInclude Include="src\WindowsPlatform.h">
      <Filter>Header Files</Filter>
    </ClInclude>
    <ClInclude Include="src\LinuxPlatform.h">
      <Filter>Header Files</Filter>
    </ClInclude>
    <ClInclude Include="src\KeyboardInputDeviceQT.h">
      <Filter>Header Files</Filter>
    </ClInclude>
    <ClInclude Include="src\PointerInputDeviceQT.h">
      <Filter>Header Files</Filter>
    </ClInclude>
    <ClInclude Include="src\DisplayDeviceQT.h">
      <Filter>Header Files</Filter>
    </ClInclude>
    <ClInclude Include="src\BasePlatform.h">
      <Filter>Header Files</Filter>
    </ClInclude>
    <ClInclude Include="src\FileSystem.h">
      <Filter>Header Files</Filter>
    </ClInclude>
    <ClInclude Include="src\FileLinux.h">
      <Filter>Header Files</Filter>
    </ClInclude>
    <ClInclude Include="src\SpArray.h">
      <Filter>Header Files</Filter>
    </ClInclude>
    <ClInclude Include="src\SpString.h">
      <Filter>Header Files</Filter>
    </ClInclude>
    <ClInclude Include="src\SpText.h">
      <Filter>Header Files</Filter>
    </ClInclude>
    <ClInclude Include="src\SpArrayOfString.h">
      <Filter>Header Files</Filter>
    </ClInclude>
    <ClInclude Include="src\SpVector.h">
      <Filter>Header Files</Filter>
    </ClInclude>
    <ClInclude Include="src\SpVectorOfReferences.h">
      <Filter>Header Files</Filter>
    </ClInclude>
    <ClInclude Include="src\Assertions.h">
      <Filter>Header Files</Filter>
    </ClInclude>
    <ClInclude Include="src\SpPair.h">
      <Filter>Header Files</Filter>
    </ClInclude>
    <ClInclude Include="src\SpMap.h">
      <Filter>Header Files</Filter>
    </ClInclude>
    <ClInclude Include="src\SpEvent.h">
      <Filter>Header Files</Filter>
    </ClInclude>
    <ClInclude Include="src\SpEventDispatcher.h">
      <Filter>Header Files</Filter>
    </ClInclude>
    <ClInclude Include="src\SpWindowEvent.h">
      <Filter>Header Files</Filter>
    </ClInclude>
    <ClInclude Include="src\SpKeyboardEvent.h">
      <Filter>Header Files</Filter>
    </ClInclude>
    <ClInclude Include="src\SpMouseEvent.h">
      <Filter>Header Files</Filter>
    </ClInclude>
    <ClInclude Include="src\SpJoypadEvent.h">
      <Filter>Header Files</Filter>
    </ClInclude>
    <ClInclude Include="src\SpWindowEventListener.h">
      <Filter>Header Files</Filter>
    </ClInclude>
    <ClInclude Include="src\SpJoypadEventListener.h">
      <Filter>Header Files</Filter>
    </ClInclude>
    <ClInclude Include="src\SpKeyboardEventListener.h">
      <Filter>Header Files</Filter>
    </ClInclude>
    <ClInclude Include="src\SpMouseEventListener.h">
      <Filter>Header Files</Filter>
    </ClInclude>
    <ClInclude Include="src\SpWindow.h">
      <Filter>Header Files</Filter>
    </ClInclude>
    <ClInclude Include="src\SpWindowGLFW.h">
      <Filter>Header Files</Filter>
    </ClInclude>
    <ClInclude Include="src\SpWindowQT.h">
      <Filter>Header Files</Filter>
    </ClInclude>
    <ClInclude Include="src\SpMouse.h">
      <Filter>Header Files</Filter>
    </ClInclude>
    <ClInclude Include="src\SpMouseGLFW.h">
      <Filter>Header Files</Filter>
    </ClInclude>
    <ClInclude Include="src\SpKeyboard.h">
      <Filter>Header Files</Filter>
    </ClInclude>
    <ClInclude Include="src\SpKeyboardGLFW.h">
      <Filter>Header Files</Filter>
    </ClInclude>
    <ClInclude Include="src\SpDevices.h">
      <Filter>Header Files</Filter>
    </ClInclude>
    <ClInclude Include="src\OSXPlatform.h">
      <Filter>Header Files</Filter>
    </ClInclude>
    <ClInclude Include="src\SpSize.h">
      <Filter>Header Files</Filter>
    </ClInclude>
    <ClInclude Include="src\SpPoint2.h">
      <Filter>Header Files</Filter>
    </ClInclude>
    <ClInclude Include="src\SpPoint3.h">
      <Filter>Header Files</Filter>
    </ClInclude>
    <ClInclude Include="src\SpPerformanceCounter.h">
      <Filter>Header Files</Filter>
    </ClInclude>
    <ClInclude Include="src\SpDirectory.h">
      <Filter>Header Files</Filter>
    </ClInclude>
    <ClInclude Include="src\SpCollisionEvent.h">
      <Filter>Header Files</Filter>
    </ClInclude>
    <ClInclude Include="src\SpCollisionEventListener.h">
      <Filter>Header Files</Filter>
    </ClInclude>
    <ClInclude Include="src\SpPropertyInfo.h">
      <Filter>Header Files</Filter>
    </ClInclude>
    <ClInclude Include="src\SpThreadPool.h">
      <Filter>Header Files</Filter>
    </ClInclude>
    <ClInclude Include="src\SpHardwareInfo.h">
      <Filter>Header Files</Filter>
    </ClInclude>
    <ClInclude Include="src\SpProcessorInfo.h">
      <Filter>Header Files</Filter>
    </ClInclude>
    <ClInclude Include="src\SpQueue.h">
      <Filter>Header Files</Filter>
    </ClInclude>
    <ClInclude Include="src\SpMutexSpinLock.h">
      <Filter>Header Files</Filter>
    </ClInclude>
    <ClInclude Include="src\SpLogger.h">
      <Filter>Header Files</Filter>
    </ClInclude>
    <ClInclude Include="src\SpLogProvider.h">
      <Filter>Header Files</Filter>
    </ClInclude>
    <ClInclude Include="src\SpLogConsoleProvider.h">
      <Filter>Header Files</Filter>
    </ClInclude>
    <ClInclude Include="src\SpLogMsTestProvider.h">
      <Filter>Header Files</Filter>
    </ClInclude>
    <ClInclude Include="src\SpMemoryAllocator.h">
      <Filter>Header Files</Filter>
    </ClInclude>
    <ClInclude Include="src\SpStackMemoryAllocator.h">
      <Filter>Header Files</Filter>
    </ClInclude>
    <ClInclude Include="src\SpPoolMemoryAllocator.h">
      <Filter>Header Files</Filter>
    </ClInclude>
    <ClInclude Include="src\SpCSVFileWriter.h">
      <Filter>Header Files</Filter>
    </ClInclude>
    <ClInclude Include="src\SpDynamicLibrary.h">
      <Filter>Header Files</Filter>
    </ClInclude>
    <ClInclude Include="src\SpGlobalProperties.h">
      <Filter>Header Files</Filter>
    </ClInclude>
  </ItemGroup>
  <ItemGroup>
    <Text Include="CMakeLists.txt" />
  </ItemGroup>
</Project>